
Microsoft Visual Studio Solution File, Format Version 12.00
# Visual Studio Version 17
VisualStudioVersion = 17.9.34728.123
MinimumVisualStudioVersion = 10.0.40219.1
Project("{FAE04EC0-301F-11D3-BF4B-00C04F79EFBC}") = "connect", "connect\connect.csproj", "{8CF6E84B-E668-475F-885E-3B4DB110501E}"
EndProject
Global
	GlobalSection(SolutionConfigurationPlatforms) = preSolution
		Debug|Any CPU = Debug|Any CPU
		Debug|x64 = Debug|x64
		Release|Any CPU = Release|Any CPU
		Release|x64 = Release|x64
	EndGlobalSection
	GlobalSection(ProjectConfigurationPlatforms) = postSolution
		{8CF6E84B-E668-475F-885E-3B4DB110501E}.Debug|Any CPU.ActiveCfg = Debug|Any CPU
		{8CF6E84B-E668-475F-885E-3B4DB110501E}.Debug|Any CPU.Build.0 = Debug|Any CPU
		{8CF6E84B-E668-475F-885E-3B4DB110501E}.Debug|x64.ActiveCfg = Debug|x64
		{8CF6E84B-E668-475F-885E-3B4DB110501E}.Debug|x64.Build.0 = Debug|x64
		{8CF6E84B-E668-475F-885E-3B4DB110501E}.Release|Any CPU.ActiveCfg = Release|Any CPU
		{8CF6E84B-E668-475F-885E-3B4DB110501E}.Release|Any CPU.Build.0 = Release|Any CPU
		{8CF6E84B-E668-475F-885E-3B4DB110501E}.Release|x64.ActiveCfg = Release|x64
		{8CF6E84B-E668-475F-885E-3B4DB110501E}.Release|x64.Build.0 = Release|x64
	EndGlobalSection
	GlobalSection(SolutionProperties) = preSolution
		HideSolutionNode = FALSE
	EndGlobalSection
	GlobalSection(ExtensibilityGlobals) = postSolution
		SolutionGuid = {B045BB2D-BCA4-45C1-A7D4-CA4214381ABD}
	EndGlobalSection
EndGlobal
